// !$*UTF8*$!
{
	archiveVersion = 1;
	classes = {
	};
	objectVersion = 56;
	objects = {

/* Begin PBXBuildFile section */
		570B4ECA2BB0B99700D9B628 /* SecondExpandedView.swift in Sources */ = {isa = PBXBuildFile; fileRef = 570B4EC92BB0B99700D9B628 /* SecondExpandedView.swift */; };
		570B4ECC2BB0C34C00D9B628 /* ThirdExpandedView.swift in Sources */ = {isa = PBXBuildFile; fileRef = 570B4ECB2BB0C34C00D9B628 /* ThirdExpandedView.swift */; };
		572604FA2BAF5A3800F5F47A /* ContinuityTransitionApp.swift in Sources */ = {isa = PBXBuildFile; fileRef = 572604F92BAF5A3800F5F47A /* ContinuityTransitionApp.swift */; };
		572604FC2BAF5A3800F5F47A /* ContentView.swift in Sources */ = {isa = PBXBuildFile; fileRef = 572604FB2BAF5A3800F5F47A /* ContentView.swift */; };
		572604FE2BAF5A3A00F5F47A /* Assets.xcassets in Resources */ = {isa = PBXBuildFile; fileRef = 572604FD2BAF5A3A00F5F47A /* Assets.xcassets */; };
		572605012BAF5A3A00F5F47A /* Preview Assets.xcassets in Resources */ = {isa = PBXBuildFile; fileRef = 572605002BAF5A3A00F5F47A /* Preview Assets.xcassets */; };
		5726050B2BAF5CE600F5F47A /* HomeViewModel.swift in Sources */ = {isa = PBXBuildFile; fileRef = 5726050A2BAF5CE600F5F47A /* HomeViewModel.swift */; };
		5726050D2BAF5CFE00F5F47A /* HomeView.swift in Sources */ = {isa = PBXBuildFile; fileRef = 5726050C2BAF5CFE00F5F47A /* HomeView.swift */; };
		5726050F2BAF682F00F5F47A /* HapticsManager.swift in Sources */ = {isa = PBXBuildFile; fileRef = 5726050E2BAF682F00F5F47A /* HapticsManager.swift */; };
		572605112BAF6E5D00F5F47A /* Colors.swift in Sources */ = {isa = PBXBuildFile; fileRef = 572605102BAF6E5D00F5F47A /* Colors.swift */; };
		572605132BAF6EAC00F5F47A /* BouncyButton.swift in Sources */ = {isa = PBXBuildFile; fileRef = 572605122BAF6EAC00F5F47A /* BouncyButton.swift */; };
		572605162BAF719B00F5F47A /* Model.swift in Sources */ = {isa = PBXBuildFile; fileRef = 572605152BAF719B00F5F47A /* Model.swift */; };
		572605182BAF84D800F5F47A /* FirstExpandedView.swift in Sources */ = {isa = PBXBuildFile; fileRef = 572605172BAF84D800F5F47A /* FirstExpandedView.swift */; };
/* End PBXBuildFile section */

/* Begin PBXFileReference section */
		570B4EC92BB0B99700D9B628 /* SecondExpandedView.swift */ = {isa = PBXFileReference; lastKnownFileType = sourcecode.swift; path = SecondExpandedView.swift; sourceTree = "<group>"; };
		570B4ECB2BB0C34C00D9B628 /* ThirdExpandedView.swift */ = {isa = PBXFileReference; lastKnownFileType = sourcecode.swift; path = ThirdExpandedView.swift; sourceTree = "<group>"; };
		572604F62BAF5A3800F5F47A /* ContinuityTransition.app */ = {isa = PBXFileReference; explicitFileType = wrapper.application; includeInIndex = 0; path = ContinuityTransition.app; sourceTree = BUILT_PRODUCTS_DIR; };
		572604F92BAF5A3800F5F47A /* ContinuityTransitionApp.swift */ = {isa = PBXFileReference; lastKnownFileType = sourcecode.swift; path = ContinuityTransitionApp.swift; sourceTree = "<group>"; };
		572604FB2BAF5A3800F5F47A /* ContentView.swift */ = {isa = PBXFileReference; lastKnownFileType = sourcecode.swift; path = ContentView.swift; sourceTree = "<group>"; };
		572604FD2BAF5A3A00F5F47A /* Assets.xcassets */ = {isa = PBXFileReference; lastKnownFileType = folder.assetcatalog; path = Assets.xcassets; sourceTree = "<group>"; };
		572605002BAF5A3A00F5F47A /* Preview Assets.xcassets */ = {isa = PBXFileReference; lastKnownFileType = folder.assetcatalog; path = "Preview Assets.xcassets"; sourceTree = "<group>"; };
		5726050A2BAF5CE600F5F47A /* HomeViewModel.swift */ = {isa = PBXFileReference; lastKnownFileType = sourcecode.swift; path = HomeViewModel.swift; sourceTree = "<group>"; };
		5726050C2BAF5CFE00F5F47A /* HomeView.swift */ = {isa = PBXFileReference; lastKnownFileType = sourcecode.swift; path = HomeView.swift; sourceTree = "<group>"; };
		5726050E2BAF682F00F5F47A /* HapticsManager.swift */ = {isa = PBXFileReference; lastKnownFileType = sourcecode.swift; path = HapticsManager.swift; sourceTree = "<group>"; };
		572605102BAF6E5D00F5F47A /* Colors.swift */ = {isa = PBXFileReference; lastKnownFileType = sourcecode.swift; path = Colors.swift; sourceTree = "<group>"; };
		572605122BAF6EAC00F5F47A /* BouncyButton.swift */ = {isa = PBXFileReference; lastKnownFileType = sourcecode.swift; path = BouncyButton.swift; sourceTree = "<group>"; };
		572605152BAF719B00F5F47A /* Model.swift */ = {isa = PBXFileReference; lastKnownFileType = sourcecode.swift; path = Model.swift; sourceTree = "<group>"; };
		572605172BAF84D800F5F47A /* FirstExpandedView.swift */ = {isa = PBXFileReference; lastKnownFileType = sourcecode.swift; path = FirstExpandedView.swift; sourceTree = "<group>"; };
/* End PBXFileReference section */

/* Begin PBXFrameworksBuildPhase section */
		572604F32BAF5A3800F5F47A /* Frameworks */ = {
			isa = PBXFrameworksBuildPhase;
			buildActionMask = 2147483647;
			files = (
			);
			runOnlyForDeploymentPostprocessing = 0;
		};
/* End PBXFrameworksBuildPhase section */

/* Begin PBXGroup section */
		572604ED2BAF5A3800F5F47A = {
			isa = PBXGroup;
			children = (
				572604F82BAF5A3800F5F47A /* ContinuityTransition */,
				572604F72BAF5A3800F5F47A /* Products */,
			);
			sourceTree = "<group>";
		};
		572604F72BAF5A3800F5F47A /* Products */ = {
			isa = PBXGroup;
			children = (
				572604F62BAF5A3800F5F47A /* ContinuityTransition.app */,
			);
			name = Products;
			sourceTree = "<group>";
		};
		572604F82BAF5A3800F5F47A /* ContinuityTransition */ = {
			isa = PBXGroup;
			children = (
				572604F92BAF5A3800F5F47A /* ContinuityTransitionApp.swift */,
				572605142BAF719100F5F47A /* Model */,
				572604FB2BAF5A3800F5F47A /* ContentView.swift */,
				572605092BAF5CB700F5F47A /* Managers */,
				572605082BAF5CAD00F5F47A /* ViewModel */,
				572605072BAF5CA500F5F47A /* Views */,
				572604FD2BAF5A3A00F5F47A /* Assets.xcassets */,
				572604FF2BAF5A3A00F5F47A /* Preview Content */,
			);
			path = ContinuityTransition;
			sourceTree = "<group>";
		};
		572604FF2BAF5A3A00F5F47A /* Preview Content */ = {
			isa = PBXGroup;
			children = (
				572605002BAF5A3A00F5F47A /* Preview Assets.xcassets */,
			);
			path = "Preview Content";
			sourceTree = "<group>";
		};
		572605072BAF5CA500F5F47A /* Views */ = {
			isa = PBXGroup;
			children = (
				5726050C2BAF5CFE00F5F47A /* HomeView.swift */,
				572605172BAF84D800F5F47A /* FirstExpandedView.swift */,
				570B4EC92BB0B99700D9B628 /* SecondExpandedView.swift */,
				570B4ECB2BB0C34C00D9B628 /* ThirdExpandedView.swift */,
			);
			path = Views;
			sourceTree = "<group>";
		};
		572605082BAF5CAD00F5F47A /* ViewModel */ = {
			isa = PBXGroup;
			children = (
				5726050A2BAF5CE600F5F47A /* HomeViewModel.swift */,
			);
			path = ViewModel;
			sourceTree = "<group>";
		};
		572605092BAF5CB700F5F47A /* Managers */ = {
			isa = PBXGroup;
			children = (
				5726050E2BAF682F00F5F47A /* HapticsManager.swift */,
				572605102BAF6E5D00F5F47A /* Colors.swift */,
				572605122BAF6EAC00F5F47A /* BouncyButton.swift */,
			);
			path = Managers;
			sourceTree = "<group>";
		};
		572605142BAF719100F5F47A /* Model */ = {
			isa = PBXGroup;
			children = (
				572605152BAF719B00F5F47A /* Model.swift */,
			);
			path = Model;
			sourceTree = "<group>";
		};
/* End PBXGroup section */

/* Begin PBXNativeTarget section */
		572604F52BAF5A3800F5F47A /* ContinuityTransition */ = {
			isa = PBXNativeTarget;
			buildConfigurationList = 572605042BAF5A3A00F5F47A /* Build configuration list for PBXNativeTarget "ContinuityTransition" */;
			buildPhases = (
				572604F22BAF5A3800F5F47A /* Sources */,
				572604F32BAF5A3800F5F47A /* Frameworks */,
				572604F42BAF5A3800F5F47A /* Resources */,
			);
			buildRules = (
			);
			dependencies = (
			);
			name = ContinuityTransition;
			productName = ContinuityTransition;
			productReference = 572604F62BAF5A3800F5F47A /* ContinuityTransition.app */;
			productType = "com.apple.product-type.application";
		};
/* End PBXNativeTarget section */

/* Begin PBXProject section */
		572604EE2BAF5A3800F5F47A /* Project object */ = {
			isa = PBXProject;
			attributes = {
				BuildIndependentTargetsInParallel = 1;
				LastSwiftUpdateCheck = 1530;
				LastUpgradeCheck = 1530;
				TargetAttributes = {
					572604F52BAF5A3800F5F47A = {
						CreatedOnToolsVersion = 15.3;
					};
				};
			};
			buildConfigurationList = 572604F12BAF5A3800F5F47A /* Build configuration list for PBXProject "ContinuityTransition" */;
			compatibilityVersion = "Xcode 14.0";
			developmentRegion = en;
			hasScannedForEncodings = 0;
			knownRegions = (
				en,
				Base,
			);
			mainGroup = 572604ED2BAF5A3800F5F47A;
			productRefGroup = 572604F72BAF5A3800F5F47A /* Products */;
			projectDirPath = "";
			projectRoot = "";
			targets = (
				572604F52BAF5A3800F5F47A /* ContinuityTransition */,
			);
		};
/* End PBXProject section */

/* Begin PBXResourcesBuildPhase section */
		572604F42BAF5A3800F5F47A /* Resources */ = {
			isa = PBXResourcesBuildPhase;
			buildActionMask = 2147483647;
			files = (
				572605012BAF5A3A00F5F47A /* Preview Assets.xcassets in Resources */,
				572604FE2BAF5A3A00F5F47A /* Assets.xcassets in Resources */,
			);
			runOnlyForDeploymentPostprocessing = 0;
		};
/* End PBXResourcesBuildPhase section */

/* Begin PBXSourcesBuildPhase section */
		572604F22BAF5A3800F5F47A /* Sources */ = {
			isa = PBXSourcesBuildPhase;
			buildActionMask = 2147483647;
			files = (
				572604FC2BAF5A3800F5F47A /* ContentView.swift in Sources */,
				572605132BAF6EAC00F5F47A /* BouncyButton.swift in Sources */,
				572605112BAF6E5D00F5F47A /* Colors.swift in Sources */,
				570B4ECA2BB0B99700D9B628 /* SecondExpandedView.swift in Sources */,
				5726050D2BAF5CFE00F5F47A /* HomeView.swift in Sources */,
				570B4ECC2BB0C34C00D9B628 /* ThirdExpandedView.swift in Sources */,
				5726050B2BAF5CE600F5F47A /* HomeViewModel.swift in Sources */,
				5726050F2BAF682F00F5F47A /* HapticsManager.swift in Sources */,
				572604FA2BAF5A3800F5F47A /* ContinuityTransitionApp.swift in Sources */,
				572605182BAF84D800F5F47A /* FirstExpandedView.swift in Sources */,
				572605162BAF719B00F5F47A /* Model.swift in Sources */,
			);
			runOnlyForDeploymentPostprocessing = 0;
		};
/* End PBXSourcesBuildPhase section */

/* Begin XCBuildConfiguration section */
		572605022BAF5A3A00F5F47A /* Debug */ = {
			isa = XCBuildConfiguration;
			buildSettings = {
				ALWAYS_SEARCH_USER_PATHS = NO;
				ASSETCATALOG_COMPILER_GENERATE_SWIFT_ASSET_SYMBOL_EXTENSIONS = YES;
				CLANG_ANALYZER_NONNULL = YES;
				CLANG_ANALYZER_NUMBER_OBJECT_CONVERSION = YES_AGGRESSIVE;
				CLANG_CXX_LANGUAGE_STANDARD = "gnu++20";
				CLANG_ENABLE_MODULES = YES;
				CLANG_ENABLE_OBJC_ARC = YES;
				CLANG_ENABLE_OBJC_WEAK = YES;
				CLANG_WARN_BLOCK_CAPTURE_AUTORELEASING = YES;
				CLANG_WARN_BOOL_CONVERSION = YES;
				CLANG_WARN_COMMA = YES;
				CLANG_WARN_CONSTANT_CONVERSION = YES;
				CLANG_WARN_DEPRECATED_OBJC_IMPLEMENTATIONS = YES;
				CLANG_WARN_DIRECT_OBJC_ISA_USAGE = YES_ERROR;
				CLANG_WARN_DOCUMENTATION_COMMENTS = YES;
				CLANG_WARN_EMPTY_BODY = YES;
				CLANG_WARN_ENUM_CONVERSION = YES;
				CLANG_WARN_INFINITE_RECURSION = YES;
				CLANG_WARN_INT_CONVERSION = YES;
				CLANG_WARN_NON_LITERAL_NULL_CONVERSION = YES;
				CLANG_WARN_OBJC_IMPLICIT_RETAIN_SELF = YES;
				CLANG_WARN_OBJC_LITERAL_CONVERSION = YES;
				CLANG_WARN_OBJC_ROOT_CLASS = YES_ERROR;
				CLANG_WARN_QUOTED_INCLUDE_IN_FRAMEWORK_HEADER = YES;
				CLANG_WARN_RANGE_LOOP_ANALYSIS = YES;
				CLANG_WARN_STRICT_PROTOTYPES = YES;
				CLANG_WARN_SUSPICIOUS_MOVE = YES;
				CLANG_WARN_UNGUARDED_AVAILABILITY = YES_AGGRESSIVE;
				CLANG_WARN_UNREACHABLE_CODE = YES;
				CLANG_WARN__DUPLICATE_METHOD_MATCH = YES;
				COPY_PHASE_STRIP = NO;
				DEBUG_INFORMATION_FORMAT = dwarf;
				ENABLE_STRICT_OBJC_MSGSEND = YES;
				ENABLE_TESTABILITY = YES;
				ENABLE_USER_SCRIPT_SANDBOXING = YES;
				GCC_C_LANGUAGE_STANDARD = gnu17;
				GCC_DYNAMIC_NO_PIC = NO;
				GCC_NO_COMMON_BLOCKS = YES;
				GCC_OPTIMIZATION_LEVEL = 0;
				GCC_PREPROCESSOR_DEFINITIONS = (
					"DEBUG=1",
					"$(inherited)",
				);
				GCC_WARN_64_TO_32_BIT_CONVERSION = YES;
				GCC_WARN_ABOUT_RETURN_TYPE = YES_ERROR;
				GCC_WARN_UNDECLARED_SELECTOR = YES;
				GCC_WARN_UNINITIALIZED_AUTOS = YES_AGGRESSIVE;
				GCC_WARN_UNUSED_FUNCTION = YES;
				GCC_WARN_UNUSED_VARIABLE = YES;
				IPHONEOS_DEPLOYMENT_TARGET = 17.4;
				LOCALIZATION_PREFERS_STRING_CATALOGS = YES;
				MTL_ENABLE_DEBUG_INFO = INCLUDE_SOURCE;
				MTL_FAST_MATH = YES;
				ONLY_ACTIVE_ARCH = YES;
				SDKROOT = iphoneos;
				SWIFT_ACTIVE_COMPILATION_CONDITIONS = "DEBUG $(inherited)";
				SWIFT_OPTIMIZATION_LEVEL = "-Onone";
			};
			name = Debug;
		};
		572605032BAF5A3A00F5F47A /* Release */ = {
			isa = XCBuildConfiguration;
			buildSettings = {
				ALWAYS_SEARCH_USER_PATHS = NO;
				ASSETCATALOG_COMPILER_GENERATE_SWIFT_ASSET_SYMBOL_EXTENSIONS = YES;
				CLANG_ANALYZER_NONNULL = YES;
				CLANG_ANALYZER_NUMBER_OBJECT_CONVERSION = YES_AGGRESSIVE;
				CLANG_CXX_LANGUAGE_STANDARD = "gnu++20";
				CLANG_ENABLE_MODULES = YES;
				CLANG_ENABLE_OBJC_ARC = YES;
				CLANG_ENABLE_OBJC_WEAK = YES;
				CLANG_WARN_BLOCK_CAPTURE_AUTORELEASING = YES;
				CLANG_WARN_BOOL_CONVERSION = YES;
				CLANG_WARN_COMMA = YES;
				CLANG_WARN_CONSTANT_CONVERSION = YES;
				CLANG_WARN_DEPRECATED_OBJC_IMPLEMENTATIONS = YES;
				CLANG_WARN_DIRECT_OBJC_ISA_USAGE = YES_ERROR;
				CLANG_WARN_DOCUMENTATION_COMMENTS = YES;
				CLANG_WARN_EMPTY_BODY = YES;
				CLANG_WARN_ENUM_CONVERSION = YES;
				CLANG_WARN_INFINITE_RECURSION = YES;
				CLANG_WARN_INT_CONVERSION = YES;
				CLANG_WARN_NON_LITERAL_NULL_CONVERSION = YES;
				CLANG_WARN_OBJC_IMPLICIT_RETAIN_SELF = YES;
				CLANG_WARN_OBJC_LITERAL_CONVERSION = YES;
				CLANG_WARN_OBJC_ROOT_CLASS = YES_ERROR;
				CLANG_WARN_QUOTED_INCLUDE_IN_FRAMEWORK_HEADER = YES;
				CLANG_WARN_RANGE_LOOP_ANALYSIS = YES;
				CLANG_WARN_STRICT_PROTOTYPES = YES;
				CLANG_WARN_SUSPICIOUS_MOVE = YES;
				CLANG_WARN_UNGUARDED_AVAILABILITY = YES_AGGRESSIVE;
				CLANG_WARN_UNREACHABLE_CODE = YES;
				CLANG_WARN__DUPLICATE_METHOD_MATCH = YES;
				COPY_PHASE_STRIP = NO;
				DEBUG_INFORMATION_FORMAT = "dwarf-with-dsym";
				ENABLE_NS_ASSERTIONS = NO;
				ENABLE_STRICT_OBJC_MSGSEND = YES;
				ENABLE_USER_SCRIPT_SANDBOXING = YES;
				GCC_C_LANGUAGE_STANDARD = gnu17;
				GCC_NO_COMMON_BLOCKS = YES;
				GCC_WARN_64_TO_32_BIT_CONVERSION = YES;
				GCC_WARN_ABOUT_RETURN_TYPE = YES_ERROR;
				GCC_WARN_UNDECLARED_SELECTOR = YES;
				GCC_WARN_UNINITIALIZED_AUTOS = YES_AGGRESSIVE;
				GCC_WARN_UNUSED_FUNCTION = YES;
				GCC_WARN_UNUSED_VARIABLE = YES;
				IPHONEOS_DEPLOYMENT_TARGET = 17.4;
				LOCALIZATION_PREFERS_STRING_CATALOGS = YES;
				MTL_ENABLE_DEBUG_INFO = NO;
				MTL_FAST_MATH = YES;
				SDKROOT = iphoneos;
				SWIFT_COMPILATION_MODE = wholemodule;
				VALIDATE_PRODUCT = YES;
			};
			name = Release;
		};
		572605052BAF5A3A00F5F47A /* Debug */ = {
			isa = XCBuildConfiguration;
			buildSettings = {
				ASSETCATALOG_COMPILER_APPICON_NAME = AppIcon;
				ASSETCATALOG_COMPILER_GLOBAL_ACCENT_COLOR_NAME = AccentColor;
				CODE_SIGN_STYLE = Automatic;
				CURRENT_PROJECT_VERSION = 1;
				DEVELOPMENT_ASSET_PATHS = "\"ContinuityTransition/Preview Content\"";
				DEVELOPMENT_TEAM = F4WFB4363G;
				ENABLE_PREVIEWS = YES;
				GENERATE_INFOPLIST_FILE = YES;
				INFOPLIST_KEY_UIApplicationSceneManifest_Generation = YES;
				INFOPLIST_KEY_UIApplicationSupportsIndirectInputEvents = YES;
				INFOPLIST_KEY_UILaunchScreen_Generation = YES;
				INFOPLIST_KEY_UIStatusBarStyle = "";
				INFOPLIST_KEY_UISupportedInterfaceOrientations = UIInterfaceOrientationPortrait;
				IPHONEOS_DEPLOYMENT_TARGET = 17.1;
				LD_RUNPATH_SEARCH_PATHS = (
					"$(inherited)",
					"@executable_path/Frameworks",
				);
				MARKETING_VERSION = 1.0;
				PRODUCT_BUNDLE_IDENTIFIER = com.victor.ContinuityTransition;
				PRODUCT_NAME = "$(TARGET_NAME)";
				SWIFT_EMIT_LOC_STRINGS = YES;
				SWIFT_VERSION = 5.0;
				TARGETED_DEVICE_FAMILY = "1,2";
			};
			name = Debug;
		};
		572605062BAF5A3A00F5F47A /* Release */ = {
			isa = XCBuildConfiguration;
			buildSettings = {
				ASSETCATALOG_COMPILER_APPICON_NAME = AppIcon;
				ASSETCATALOG_COMPILER_GLOBAL_ACCENT_COLOR_NAME = AccentColor;
				CODE_SIGN_STYLE = Automatic;
				CURRENT_PROJECT_VERSION = 1;
				DEVELOPMENT_ASSET_PATHS = "\"ContinuityTransition/Preview Content\"";
				DEVELOPMENT_TEAM = F4WFB4363G;
				ENABLE_PREVIEWS = YES;
				GENERATE_INFOPLIST_FILE = YES;
				INFOPLIST_KEY_UIApplicationSceneManifest_Generation = YES;
				INFOPLIST_KEY_UIApplicationSupportsIndirectInputEvents = YES;
				INFOPLIST_KEY_UILaunchScreen_Generation = YES;
				INFOPLIST_KEY_UIStatusBarStyle = "";
				INFOPLIST_KEY_UISupportedInterfaceOrientations = UIInterfaceOrientationPortrait;
				IPHONEOS_DEPLOYMENT_TARGET = 17.1;
				LD_RUNPATH_SEARCH_PATHS = (
					"$(inherited)",
					"@executable_path/Frameworks",
				);
				MARKETING_VERSION = 1.0;
				PRODUCT_BUNDLE_IDENTIFIER = com.victor.ContinuityTransition;
				PRODUCT_NAME = "$(TARGET_NAME)";
				SWIFT_EMIT_LOC_STRINGS = YES;
				SWIFT_VERSION = 5.0;
				TARGETED_DEVICE_FAMILY = "1,2";
			};
			name = Release;
		};
/* End XCBuildConfiguration section */

/* Begin XCConfigurationList section */
		572604F12BAF5A3800F5F47A /* Build configuration list for PBXProject "ContinuityTransition" */ = {
			isa = XCConfigurationList;
			buildConfigurations = (
				572605022BAF5A3A00F5F47A /* Debug */,
				572605032BAF5A3A00F5F47A /* Release */,
			);
			defaultConfigurationIsVisible = 0;
			defaultConfigurationName = Release;
		};
		572605042BAF5A3A00F5F47A /* Build configuration list for PBXNativeTarget "ContinuityTransition" */ = {
			isa = XCConfigurationList;
			buildConfigurations = (
				572605052BAF5A3A00F5F47A /* Debug */,
				572605062BAF5A3A00F5F47A /* Release */,
			);
			defaultConfigurationIsVisible = 0;
			defaultConfigurationName = Release;
		};
/* End XCConfigurationList section */
	};
	rootObject = 572604EE2BAF5A3800F5F47A /* Project object */;
}
